
Microsoft Visual Studio Solution File, Format Version 12.00
# Visual Studio Version 17
VisualStudioVersion = 17.9.34622.214
MinimumVisualStudioVersion = 10.0.40219.1
Project("{FAE04EC0-301F-11D3-BF4B-00C04F79EFBC}") = "ConsoleApp2", "ConsoleApp2\ConsoleApp2.csproj", "{F6660A50-E575-4F5B-86BC-49B3B333C78C}"
EndProject
Global
	GlobalSection(SolutionConfigurationPlatforms) = preSolution
		Debug|Any CPU = Debug|Any CPU
		Release|Any CPU = Release|Any CPU
	EndGlobalSection
	GlobalSection(ProjectConfigurationPlatforms) = postSolution
		{F6660A50-E575-4F5B-86BC-49B3B333C78C}.Debug|Any CPU.ActiveCfg = Debug|Any CPU
		{F6660A50-E575-4F5B-86BC-49B3B333C78C}.Debug|Any CPU.Build.0 = Debug|Any CPU
		{F6660A50-E575-4F5B-86BC-49B3B333C78C}.Release|Any CPU.ActiveCfg = Release|Any CPU
		{F6660A50-E575-4F5B-86BC-49B3B333C78C}.Release|Any CPU.Build.0 = Release|Any CPU
	EndGlobalSection
	GlobalSection(SolutionProperties) = preSolution
		HideSolutionNode = FALSE
	EndGlobalSection
	GlobalSection(ExtensibilityGlobals) = postSolution
		SolutionGuid = {BF1B643C-972C-4534-82E9-BFD214C7F609}
	EndGlobalSection
EndGlobal
